
Microsoft Visual Studio Solution File, Format Version 12.00
# Visual Studio Version 16
VisualStudioVersion = 16.0.31424.327
MinimumVisualStudioVersion = 10.0.40219.1
Project("{FAE04EC0-301F-11D3-BF4B-00C04F79EFBC}") = "LinqExercises", "LinqExercises\LinqExercises.csproj", "{579C7A16-7CE9-40AF-ACC9-00CF65166DF2}"
EndProject
Global
	GlobalSection(SolutionConfigurationPlatforms) = preSolution
		Debug|Any CPU = Debug|Any CPU
		Release|Any CPU = Release|Any CPU
	EndGlobalSection
	GlobalSection(ProjectConfigurationPlatforms) = postSolution
		{579C7A16-7CE9-40AF-ACC9-00CF65166DF2}.Debug|Any CPU.ActiveCfg = Debug|Any CPU
		{579C7A16-7CE9-40AF-ACC9-00CF65166DF2}.Debug|Any CPU.Build.0 = Debug|Any CPU
		{579C7A16-7CE9-40AF-ACC9-00CF65166DF2}.Release|Any CPU.ActiveCfg = Release|Any CPU
		{579C7A16-7CE9-40AF-ACC9-00CF65166DF2}.Release|Any CPU.Build.0 = Release|Any CPU
	EndGlobalSection
	GlobalSection(SolutionProperties) = preSolution
		HideSolutionNode = FALSE
	EndGlobalSection
	GlobalSection(ExtensibilityGlobals) = postSolution
		SolutionGuid = {EDE75BC9-77A6-4757-B4B1-E7704850F951}
	EndGlobalSection
EndGlobal
